
Microsoft Visual Studio Solution File, Format Version 12.00
# Visual Studio Version 17
VisualStudioVersion = 17.7.34031.279
MinimumVisualStudioVersion = 10.0.40219.1
Project("{9A19103F-16F7-4668-BE54-9A1E7A4F7556}") = "WeatherApplication", "WeatherApplication.csproj", "{D9507C72-406B-4EA3-9847-41A797426AFC}"
EndProject
Project("{9A19103F-16F7-4668-BE54-9A1E7A4F7556}") = "ServiceContracts", "..\ServiceContracts\ServiceContracts.csproj", "{68BBA06D-F1E3-4456-908A-CB31954AC382}"
EndProject
Project("{FAE04EC0-301F-11D3-BF4B-00C04F79EFBC}") = "Services", "..\Services\Services.csproj", "{CCE1C12F-E458-48D8-A467-385F6CAC4CF0}"
EndProject
Project("{FAE04EC0-301F-11D3-BF4B-00C04F79EFBC}") = "Models", "..\Models\Models.csproj", "{7D4000A4-0961-406B-96BA-DAD1A8EDFE2D}"
EndProject
Global
	GlobalSection(SolutionConfigurationPlatforms) = preSolution
		Debug|Any CPU = Debug|Any CPU
		Release|Any CPU = Release|Any CPU
	EndGlobalSection
	GlobalSection(ProjectConfigurationPlatforms) = postSolution
		{D9507C72-406B-4EA3-9847-41A797426AFC}.Debug|Any CPU.ActiveCfg = Debug|Any CPU
		{D9507C72-406B-4EA3-9847-41A797426AFC}.Debug|Any CPU.Build.0 = Debug|Any CPU
		{D9507C72-406B-4EA3-9847-41A797426AFC}.Release|Any CPU.ActiveCfg = Release|Any CPU
		{D9507C72-406B-4EA3-9847-41A797426AFC}.Release|Any CPU.Build.0 = Release|Any CPU
		{68BBA06D-F1E3-4456-908A-CB31954AC382}.Debug|Any CPU.ActiveCfg = Debug|Any CPU
		{68BBA06D-F1E3-4456-908A-CB31954AC382}.Debug|Any CPU.Build.0 = Debug|Any CPU
		{68BBA06D-F1E3-4456-908A-CB31954AC382}.Release|Any CPU.ActiveCfg = Release|Any CPU
		{68BBA06D-F1E3-4456-908A-CB31954AC382}.Release|Any CPU.Build.0 = Release|Any CPU
		{CCE1C12F-E458-48D8-A467-385F6CAC4CF0}.Debug|Any CPU.ActiveCfg = Debug|Any CPU
		{CCE1C12F-E458-48D8-A467-385F6CAC4CF0}.Debug|Any CPU.Build.0 = Debug|Any CPU
		{CCE1C12F-E458-48D8-A467-385F6CAC4CF0}.Release|Any CPU.ActiveCfg = Release|Any CPU
		{CCE1C12F-E458-48D8-A467-385F6CAC4CF0}.Release|Any CPU.Build.0 = Release|Any CPU
		{7D4000A4-0961-406B-96BA-DAD1A8EDFE2D}.Debug|Any CPU.ActiveCfg = Debug|Any CPU
		{7D4000A4-0961-406B-96BA-DAD1A8EDFE2D}.Debug|Any CPU.Build.0 = Debug|Any CPU
		{7D4000A4-0961-406B-96BA-DAD1A8EDFE2D}.Release|Any CPU.ActiveCfg = Release|Any CPU
		{7D4000A4-0961-406B-96BA-DAD1A8EDFE2D}.Release|Any CPU.Build.0 = Release|Any CPU
	EndGlobalSection
	GlobalSection(SolutionProperties) = preSolution
		HideSolutionNode = FALSE
	EndGlobalSection
	GlobalSection(ExtensibilityGlobals) = postSolution
		SolutionGuid = {5F30DEBA-930C-4E4F-9E8A-EE64EF4389F4}
	EndGlobalSection
EndGlobal
