
Microsoft Visual Studio Solution File, Format Version 12.00
# Visual Studio Version 17
VisualStudioVersion = 17.7.34031.279
MinimumVisualStudioVersion = 10.0.40219.1
Project("{FAE04EC0-301F-11D3-BF4B-00C04F79EFBC}") = "ModelValidation", "ModelValidation.csproj", "{4DEED367-B146-4E04-BA2E-8F67C4DD21C1}"
EndProject
Global
	GlobalSection(SolutionConfigurationPlatforms) = preSolution
		Debug|Any CPU = Debug|Any CPU
		Release|Any CPU = Release|Any CPU
	EndGlobalSection
	GlobalSection(ProjectConfigurationPlatforms) = postSolution
		{4DEED367-B146-4E04-BA2E-8F67C4DD21C1}.Debug|Any CPU.ActiveCfg = Debug|Any CPU
		{4DEED367-B146-4E04-BA2E-8F67C4DD21C1}.Debug|Any CPU.Build.0 = Debug|Any CPU
		{4DEED367-B146-4E04-BA2E-8F67C4DD21C1}.Release|Any CPU.ActiveCfg = Release|Any CPU
		{4DEED367-B146-4E04-BA2E-8F67C4DD21C1}.Release|Any CPU.Build.0 = Release|Any CPU
	EndGlobalSection
	GlobalSection(SolutionProperties) = preSolution
		HideSolutionNode = FALSE
	EndGlobalSection
	GlobalSection(ExtensibilityGlobals) = postSolution
		SolutionGuid = {7FC3EE97-96FC-4A95-9DA8-67E94432355F}
	EndGlobalSection
EndGlobal
