
Microsoft Visual Studio Solution File, Format Version 12.00
# Visual Studio Version 17
VisualStudioVersion = 17.7.34031.279
MinimumVisualStudioVersion = 10.0.40219.1
Project("{FAE04EC0-301F-11D3-BF4B-00C04F79EFBC}") = "MyFirstApp", "MyFirstApp.csproj", "{D0368AE3-BC18-4087-94A6-7BAFCE113941}"
EndProject
Global
	GlobalSection(SolutionConfigurationPlatforms) = preSolution
		Debug|Any CPU = Debug|Any CPU
		Release|Any CPU = Release|Any CPU
	EndGlobalSection
	GlobalSection(ProjectConfigurationPlatforms) = postSolution
		{D0368AE3-BC18-4087-94A6-7BAFCE113941}.Debug|Any CPU.ActiveCfg = Debug|Any CPU
		{D0368AE3-BC18-4087-94A6-7BAFCE113941}.Debug|Any CPU.Build.0 = Debug|Any CPU
		{D0368AE3-BC18-4087-94A6-7BAFCE113941}.Release|Any CPU.ActiveCfg = Release|Any CPU
		{D0368AE3-BC18-4087-94A6-7BAFCE113941}.Release|Any CPU.Build.0 = Release|Any CPU
	EndGlobalSection
	GlobalSection(SolutionProperties) = preSolution
		HideSolutionNode = FALSE
	EndGlobalSection
	GlobalSection(ExtensibilityGlobals) = postSolution
		SolutionGuid = {6E23DD7E-BB51-426D-9E72-C98B5056DEA5}
	EndGlobalSection
EndGlobal
