
Microsoft Visual Studio Solution File, Format Version 12.00
# Visual Studio Version 17
VisualStudioVersion = 17.7.34031.279
MinimumVisualStudioVersion = 10.0.40219.1
Project("{FAE04EC0-301F-11D3-BF4B-00C04F79EFBC}") = "DependencyInjection", "DependencyInjection.csproj", "{A3DAEB9B-DDB0-47C9-A760-00D8DF1D6939}"
EndProject
Project("{FAE04EC0-301F-11D3-BF4B-00C04F79EFBC}") = "ServiceContracts", "..\ServiceContracts\ServiceContracts.csproj", "{C64C764F-620B-4E31-BF83-FB8995BAB2CC}"
EndProject
Project("{FAE04EC0-301F-11D3-BF4B-00C04F79EFBC}") = "Services", "..\Services\Services.csproj", "{79C0875D-56AB-41D2-A56F-DF9192BBC737}"
EndProject
Global
	GlobalSection(SolutionConfigurationPlatforms) = preSolution
		Debug|Any CPU = Debug|Any CPU
		Release|Any CPU = Release|Any CPU
	EndGlobalSection
	GlobalSection(ProjectConfigurationPlatforms) = postSolution
		{A3DAEB9B-DDB0-47C9-A760-00D8DF1D6939}.Debug|Any CPU.ActiveCfg = Debug|Any CPU
		{A3DAEB9B-DDB0-47C9-A760-00D8DF1D6939}.Debug|Any CPU.Build.0 = Debug|Any CPU
		{A3DAEB9B-DDB0-47C9-A760-00D8DF1D6939}.Release|Any CPU.ActiveCfg = Release|Any CPU
		{A3DAEB9B-DDB0-47C9-A760-00D8DF1D6939}.Release|Any CPU.Build.0 = Release|Any CPU
		{C64C764F-620B-4E31-BF83-FB8995BAB2CC}.Debug|Any CPU.ActiveCfg = Debug|Any CPU
		{C64C764F-620B-4E31-BF83-FB8995BAB2CC}.Debug|Any CPU.Build.0 = Debug|Any CPU
		{C64C764F-620B-4E31-BF83-FB8995BAB2CC}.Release|Any CPU.ActiveCfg = Release|Any CPU
		{C64C764F-620B-4E31-BF83-FB8995BAB2CC}.Release|Any CPU.Build.0 = Release|Any CPU
		{79C0875D-56AB-41D2-A56F-DF9192BBC737}.Debug|Any CPU.ActiveCfg = Debug|Any CPU
		{79C0875D-56AB-41D2-A56F-DF9192BBC737}.Debug|Any CPU.Build.0 = Debug|Any CPU
		{79C0875D-56AB-41D2-A56F-DF9192BBC737}.Release|Any CPU.ActiveCfg = Release|Any CPU
		{79C0875D-56AB-41D2-A56F-DF9192BBC737}.Release|Any CPU.Build.0 = Release|Any CPU
	EndGlobalSection
	GlobalSection(SolutionProperties) = preSolution
		HideSolutionNode = FALSE
	EndGlobalSection
	GlobalSection(ExtensibilityGlobals) = postSolution
		SolutionGuid = {0914FA4F-E7EC-4277-B711-DEA97B14EC9C}
	EndGlobalSection
EndGlobal
