
Microsoft Visual Studio Solution File, Format Version 12.00
# Visual Studio Version 17
VisualStudioVersion = 17.7.34031.279
MinimumVisualStudioVersion = 10.0.40219.1
Project("{FAE04EC0-301F-11D3-BF4B-00C04F79EFBC}") = "Configuration", "Configuration.csproj", "{45F5BEE1-2E84-4F7E-9B84-DB9D4E4FBFBE}"
EndProject
Global
	GlobalSection(SolutionConfigurationPlatforms) = preSolution
		Debug|Any CPU = Debug|Any CPU
		Release|Any CPU = Release|Any CPU
	EndGlobalSection
	GlobalSection(ProjectConfigurationPlatforms) = postSolution
		{45F5BEE1-2E84-4F7E-9B84-DB9D4E4FBFBE}.Debug|Any CPU.ActiveCfg = Debug|Any CPU
		{45F5BEE1-2E84-4F7E-9B84-DB9D4E4FBFBE}.Debug|Any CPU.Build.0 = Debug|Any CPU
		{45F5BEE1-2E84-4F7E-9B84-DB9D4E4FBFBE}.Release|Any CPU.ActiveCfg = Release|Any CPU
		{45F5BEE1-2E84-4F7E-9B84-DB9D4E4FBFBE}.Release|Any CPU.Build.0 = Release|Any CPU
	EndGlobalSection
	GlobalSection(SolutionProperties) = preSolution
		HideSolutionNode = FALSE
	EndGlobalSection
	GlobalSection(ExtensibilityGlobals) = postSolution
		SolutionGuid = {9ED53320-30CE-4ED5-ACEC-4469F85D731A}
	EndGlobalSection
EndGlobal
