
Microsoft Visual Studio Solution File, Format Version 12.00
# Visual Studio Version 17
VisualStudioVersion = 17.7.34031.279
MinimumVisualStudioVersion = 10.0.40219.1
Project("{FAE04EC0-301F-11D3-BF4B-00C04F79EFBC}") = "ModelValidationExample", "ModelValidationExample.csproj", "{6A57AE1A-0FA5-42BF-A9C8-01B3C8BC7CF4}"
EndProject
Global
	GlobalSection(SolutionConfigurationPlatforms) = preSolution
		Debug|Any CPU = Debug|Any CPU
		Release|Any CPU = Release|Any CPU
	EndGlobalSection
	GlobalSection(ProjectConfigurationPlatforms) = postSolution
		{6A57AE1A-0FA5-42BF-A9C8-01B3C8BC7CF4}.Debug|Any CPU.ActiveCfg = Debug|Any CPU
		{6A57AE1A-0FA5-42BF-A9C8-01B3C8BC7CF4}.Debug|Any CPU.Build.0 = Debug|Any CPU
		{6A57AE1A-0FA5-42BF-A9C8-01B3C8BC7CF4}.Release|Any CPU.ActiveCfg = Release|Any CPU
		{6A57AE1A-0FA5-42BF-A9C8-01B3C8BC7CF4}.Release|Any CPU.Build.0 = Release|Any CPU
	EndGlobalSection
	GlobalSection(SolutionProperties) = preSolution
		HideSolutionNode = FALSE
	EndGlobalSection
	GlobalSection(ExtensibilityGlobals) = postSolution
		SolutionGuid = {C7C38180-B213-44B5-8730-36F6046B51C6}
	EndGlobalSection
EndGlobal
