
Microsoft Visual Studio Solution File, Format Version 12.00
# Visual Studio Version 17
VisualStudioVersion = 17.7.34031.279
MinimumVisualStudioVersion = 10.0.40219.1
Project("{FAE04EC0-301F-11D3-BF4B-00C04F79EFBC}") = "StockAppV2", "StockAppV2.csproj", "{BF3EC7A6-65BE-4878-9E3C-C734CD81E2C3}"
EndProject
Project("{FAE04EC0-301F-11D3-BF4B-00C04F79EFBC}") = "ServiceContracts", "..\ServiceContracts\ServiceContracts.csproj", "{A1660453-B20A-486D-84DE-1B52B0A4E2F5}"
EndProject
Project("{FAE04EC0-301F-11D3-BF4B-00C04F79EFBC}") = "Services", "..\Services\Services.csproj", "{75BA402E-B04F-495D-A4DB-02C08D54AF29}"
EndProject
Global
	GlobalSection(SolutionConfigurationPlatforms) = preSolution
		Debug|Any CPU = Debug|Any CPU
		Release|Any CPU = Release|Any CPU
	EndGlobalSection
	GlobalSection(ProjectConfigurationPlatforms) = postSolution
		{BF3EC7A6-65BE-4878-9E3C-C734CD81E2C3}.Debug|Any CPU.ActiveCfg = Debug|Any CPU
		{BF3EC7A6-65BE-4878-9E3C-C734CD81E2C3}.Debug|Any CPU.Build.0 = Debug|Any CPU
		{BF3EC7A6-65BE-4878-9E3C-C734CD81E2C3}.Release|Any CPU.ActiveCfg = Release|Any CPU
		{BF3EC7A6-65BE-4878-9E3C-C734CD81E2C3}.Release|Any CPU.Build.0 = Release|Any CPU
		{A1660453-B20A-486D-84DE-1B52B0A4E2F5}.Debug|Any CPU.ActiveCfg = Debug|Any CPU
		{A1660453-B20A-486D-84DE-1B52B0A4E2F5}.Debug|Any CPU.Build.0 = Debug|Any CPU
		{A1660453-B20A-486D-84DE-1B52B0A4E2F5}.Release|Any CPU.ActiveCfg = Release|Any CPU
		{A1660453-B20A-486D-84DE-1B52B0A4E2F5}.Release|Any CPU.Build.0 = Release|Any CPU
		{75BA402E-B04F-495D-A4DB-02C08D54AF29}.Debug|Any CPU.ActiveCfg = Debug|Any CPU
		{75BA402E-B04F-495D-A4DB-02C08D54AF29}.Debug|Any CPU.Build.0 = Debug|Any CPU
		{75BA402E-B04F-495D-A4DB-02C08D54AF29}.Release|Any CPU.ActiveCfg = Release|Any CPU
		{75BA402E-B04F-495D-A4DB-02C08D54AF29}.Release|Any CPU.Build.0 = Release|Any CPU
	EndGlobalSection
	GlobalSection(SolutionProperties) = preSolution
		HideSolutionNode = FALSE
	EndGlobalSection
	GlobalSection(ExtensibilityGlobals) = postSolution
		SolutionGuid = {E736E7E4-6F75-411A-BCD5-D12DE9AABE47}
	EndGlobalSection
EndGlobal
