
Microsoft Visual Studio Solution File, Format Version 12.00
# Visual Studio Version 17
VisualStudioVersion = 17.7.34031.279
MinimumVisualStudioVersion = 10.0.40219.1
Project("{FAE04EC0-301F-11D3-BF4B-00C04F79EFBC}") = "Environments", "Environments.csproj", "{CBA450DB-95A7-48E5-9070-156726665C33}"
EndProject
Global
	GlobalSection(SolutionConfigurationPlatforms) = preSolution
		Debug|Any CPU = Debug|Any CPU
		Release|Any CPU = Release|Any CPU
	EndGlobalSection
	GlobalSection(ProjectConfigurationPlatforms) = postSolution
		{CBA450DB-95A7-48E5-9070-156726665C33}.Debug|Any CPU.ActiveCfg = Debug|Any CPU
		{CBA450DB-95A7-48E5-9070-156726665C33}.Debug|Any CPU.Build.0 = Debug|Any CPU
		{CBA450DB-95A7-48E5-9070-156726665C33}.Release|Any CPU.ActiveCfg = Release|Any CPU
		{CBA450DB-95A7-48E5-9070-156726665C33}.Release|Any CPU.Build.0 = Release|Any CPU
	EndGlobalSection
	GlobalSection(SolutionProperties) = preSolution
		HideSolutionNode = FALSE
	EndGlobalSection
	GlobalSection(ExtensibilityGlobals) = postSolution
		SolutionGuid = {BF27871F-643B-4778-AC59-B39B408D017B}
	EndGlobalSection
EndGlobal
