
Microsoft Visual Studio Solution File, Format Version 12.00
# Visual Studio Version 17
VisualStudioVersion = 17.7.34031.279
MinimumVisualStudioVersion = 10.0.40219.1
Project("{FAE04EC0-301F-11D3-BF4B-00C04F79EFBC}") = "ViewComponent", "ViewComponent.csproj", "{7319F28A-B768-43AC-B7A8-4EEAC6107B79}"
EndProject
Global
	GlobalSection(SolutionConfigurationPlatforms) = preSolution
		Debug|Any CPU = Debug|Any CPU
		Release|Any CPU = Release|Any CPU
	EndGlobalSection
	GlobalSection(ProjectConfigurationPlatforms) = postSolution
		{7319F28A-B768-43AC-B7A8-4EEAC6107B79}.Debug|Any CPU.ActiveCfg = Debug|Any CPU
		{7319F28A-B768-43AC-B7A8-4EEAC6107B79}.Debug|Any CPU.Build.0 = Debug|Any CPU
		{7319F28A-B768-43AC-B7A8-4EEAC6107B79}.Release|Any CPU.ActiveCfg = Release|Any CPU
		{7319F28A-B768-43AC-B7A8-4EEAC6107B79}.Release|Any CPU.Build.0 = Release|Any CPU
	EndGlobalSection
	GlobalSection(SolutionProperties) = preSolution
		HideSolutionNode = FALSE
	EndGlobalSection
	GlobalSection(ExtensibilityGlobals) = postSolution
		SolutionGuid = {4199F53F-64E6-4B54-99CA-BB9B17F8EB85}
	EndGlobalSection
EndGlobal
